
Microsoft Visual Studio Solution File, Format Version 12.00
# Visual Studio 15
Project("{FAE04EC0-301F-11D3-BF4B-00C04F79EFBC}") = "Studio-1", "Studio-1\Studio-1.csproj", "{EA3A0221-CB27-4C2F-9511-2B6A1BA2C937}"
EndProject
Global
	GlobalSection(SolutionConfigurationPlatforms) = preSolution
		Debug|Any CPU = Debug|Any CPU
		Release|Any CPU = Release|Any CPU
	EndGlobalSection
	GlobalSection(ProjectConfigurationPlatforms) = postSolution
		{EA3A0221-CB27-4C2F-9511-2B6A1BA2C937}.Debug|Any CPU.ActiveCfg = Debug|Any CPU
		{EA3A0221-CB27-4C2F-9511-2B6A1BA2C937}.Debug|Any CPU.Build.0 = Debug|Any CPU
		{EA3A0221-CB27-4C2F-9511-2B6A1BA2C937}.Release|Any CPU.ActiveCfg = Release|Any CPU
		{EA3A0221-CB27-4C2F-9511-2B6A1BA2C937}.Release|Any CPU.Build.0 = Release|Any CPU
	EndGlobalSection
EndGlobal
